<?xml version="1.0" encoding="utf-8"?>
<Project ToolsVersion="4.0" xmlns="http://schemas.microsoft.com/developer/msbuild/2003">
  <ItemGroup>
    <Filter Include="源文件">
      <UniqueIdentifier>{4FC737F1-C7A5-4376-A066-2A32D752A2FF}</UniqueIdentifier>
      <Extensions>cpp;c;cc;cxx;def;odl;idl;hpj;bat;asm;asmx</Extensions>
    </Filter>
    <Filter Include="头文件">
      <UniqueIdentifier>{93995380-89BD-4b04-88EB-625FBE52EBFB}</UniqueIdentifier>
      <Extensions>h;hh;hpp;hxx;hm;inl;inc;xsd</Extensions>
    </Filter>
    <Filter Include="资源文件">
      <UniqueIdentifier>{67DA6AB6-F800-4c08-8B7A-83BB121AAD01}</UniqueIdentifier>
      <Extensions>rc;ico;cur;bmp;dlg;rc2;rct;bin;rgs;gif;jpg;jpeg;jpe;resx;tiff;tif;png;wav;mfcribbon-ms</Extensions>
    </Filter>
  </ItemGroup>
  <ItemGroup>
    <ClInclude Include="3DPipelineTools.h">
      <Filter>头文件</Filter>
    </ClInclude>
    <ClInclude Include="AECollision.h">
      <Filter>头文件</Filter>
    </ClInclude>
    <ClInclude Include="AEEngine.h">
      <Filter>头文件</Filter>
    </ClInclude>
    <ClInclude Include="AEExport.h">
      <Filter>头文件</Filter>
    </ClInclude>
    <ClInclude Include="AEFrameRateController.h">
      <Filter>头文件</Filter>
    </ClInclude>
    <ClInclude Include="AEGameStateMgr.h">
      <Filter>头文件</Filter>
    </ClInclude>
    <ClInclude Include="AEGraphics.h">
      <Filter>头文件</Filter>
    </ClInclude>
    <ClInclude Include="AEInput.h">
      <Filter>头文件</Filter>
    </ClInclude>
    <ClInclude Include="AELineSegment2.h">
      <Filter>头文件</Filter>
    </ClInclude>
    <ClInclude Include="AEMath.h">
      <Filter>头文件</Filter>
    </ClInclude>
    <ClInclude Include="AEMtx33.h">
      <Filter>头文件</Filter>
    </ClInclude>
    <ClInclude Include="AESystem.h">
      <Filter>头文件</Filter>
    </ClInclude>
    <ClInclude Include="AETypes.h">
      <Filter>头文件</Filter>
    </ClInclude>
    <ClInclude Include="AEUtil.h">
      <Filter>头文件</Filter>
    </ClInclude>
    <ClInclude Include="AEVec2.h">
      <Filter>头文件</Filter>
    </ClInclude>
    <ClInclude Include="Input.h">
      <Filter>头文件</Filter>
    </ClInclude>
    <ClInclude Include="System.h">
      <Filter>头文件</Filter>
    </ClInclude>
    <ClInclude Include="GameState.h">
      <Filter>头文件</Filter>
    </ClInclude>
    <ClInclude Include="GameStateManager.h">
      <Filter>头文件</Filter>
    </ClInclude>
    <ClInclude Include="State.h">
      <Filter>头文件</Filter>
    </ClInclude>
    <ClInclude Include="GameElement.h">
      <Filter>头文件</Filter>
    </ClInclude>
    <ClInclude Include="Character.h">
      <Filter>头文件</Filter>
    </ClInclude>
    <ClInclude Include="Monster.h">
      <Filter>头文件</Filter>
    </ClInclude>
    <ClInclude Include="Wall.h">
      <Filter>头文件</Filter>
    </ClInclude>
    <ClInclude Include="Trap.h">
      <Filter>头文件</Filter>
    </ClInclude>
    <ClInclude Include="CharacterPick.h">
      <Filter>头文件</Filter>
    </ClInclude>
    <ClInclude Include="Interval.h">
      <Filter>头文件</Filter>
    </ClInclude>
    <ClInclude Include="Level.h">
      <Filter>头文件</Filter>
    </ClInclude>
    <ClInclude Include="Item.h">
      <Filter>头文件</Filter>
    </ClInclude>
    <ClInclude Include="Global.h">
      <Filter>头文件</Filter>
    </ClInclude>
    <ClInclude Include="resource.h">
      <Filter>头文件</Filter>
    </ClInclude>
    <ClInclude Include="GameElementManager.h">
      <Filter>头文件</Filter>
    </ClInclude>
    <ClInclude Include="Position.h">
      <Filter>头文件</Filter>
    </ClInclude>
  </ItemGroup>
  <ItemGroup>
    <None Include="Alpha_Engine.dll" />
    <None Include="glew32.dll" />
  </ItemGroup>
  <ItemGroup>
    <Library Include="Alpha_Engine.lib" />
  </ItemGroup>
  <ItemGroup>
    <ClCompile Include="Input.cpp">
      <Filter>源文件</Filter>
    </ClCompile>
    <ClCompile Include="main.cpp">
      <Filter>源文件</Filter>
    </ClCompile>
    <ClCompile Include="System.cpp">
      <Filter>源文件</Filter>
    </ClCompile>
    <ClCompile Include="GameStateManager.cpp">
      <Filter>源文件</Filter>
    </ClCompile>
    <ClCompile Include="GameElement.cpp">
      <Filter>源文件</Filter>
    </ClCompile>
    <ClCompile Include="Character.cpp">
      <Filter>源文件</Filter>
    </ClCompile>
    <ClCompile Include="Monster.cpp">
      <Filter>源文件</Filter>
    </ClCompile>
    <ClCompile Include="Wall.cpp">
      <Filter>源文件</Filter>
    </ClCompile>
    <ClCompile Include="Trap.cpp">
      <Filter>源文件</Filter>
    </ClCompile>
    <ClCompile Include="CharacterPick.cpp">
      <Filter>源文件</Filter>
    </ClCompile>
    <ClCompile Include="Interval.cpp">
      <Filter>源文件</Filter>
    </ClCompile>
    <ClCompile Include="Level.cpp">
      <Filter>源文件</Filter>
    </ClCompile>
    <ClCompile Include="GameElementManager.cpp">
      <Filter>源文件</Filter>
    </ClCompile>
  </ItemGroup>
  <ItemGroup>
    <ResourceCompile Include="NewGame.rc">
      <Filter>资源文件</Filter>
    </ResourceCompile>
  </ItemGroup>
  <ItemGroup>
    <Image Include="icon\icon.ico">
      <Filter>资源文件</Filter>
    </Image>
  </ItemGroup>
</Project>